// !$*UTF8*$!
{
	archiveVersion = 1;
	classes = {
	};
	objectVersion = 46;
	objects = {

/* Begin PBXBuildFile section */
		3F74440F1C4FFF5600FCBF2F /* AppDelegate.swift in Sources */ = {isa = PBXBuildFile; fileRef = 3F74440E1C4FFF5600FCBF2F /* AppDelegate.swift */; };
		3F7444111C4FFF5600FCBF2F /* ViewController.swift in Sources */ = {isa = PBXBuildFile; fileRef = 3F7444101C4FFF5600FCBF2F /* ViewController.swift */; };
		3F7444141C4FFF5600FCBF2F /* Main.storyboard in Resources */ = {isa = PBXBuildFile; fileRef = 3F7444121C4FFF5600FCBF2F /* Main.storyboard */; };
		3F7444161C4FFF5600FCBF2F /* Assets.xcassets in Resources */ = {isa = PBXBuildFile; fileRef = 3F7444151C4FFF5600FCBF2F /* Assets.xcassets */; };
		3F7444191C4FFF5600FCBF2F /* LaunchScreen.storyboard in Resources */ = {isa = PBXBuildFile; fileRef = 3F7444171C4FFF5600FCBF2F /* LaunchScreen.storyboard */; };
		3F7444241C4FFF5600FCBF2F /* College_ProfileTests.swift in Sources */ = {isa = PBXBuildFile; fileRef = 3F7444231C4FFF5600FCBF2F /* College_ProfileTests.swift */; };
		3F74442F1C4FFF5700FCBF2F /* College_ProfileUITests.swift in Sources */ = {isa = PBXBuildFile; fileRef = 3F74442E1C4FFF5700FCBF2F /* College_ProfileUITests.swift */; };
		3F74443D1C50008500FCBF2F /* Colleges.swift in Sources */ = {isa = PBXBuildFile; fileRef = 3F74443C1C50008500FCBF2F /* Colleges.swift */; settings = {ASSET_TAGS = (); }; };
		3F7444791C51550A00FCBF2F /* DetailViewController.swift in Sources */ = {isa = PBXBuildFile; fileRef = 3F7444781C51550A00FCBF2F /* DetailViewController.swift */; settings = {ASSET_TAGS = (); }; };
/* End PBXBuildFile section */

/* Begin PBXContainerItemProxy section */
		3F7444201C4FFF5600FCBF2F /* PBXContainerItemProxy */ = {
			isa = PBXContainerItemProxy;
			containerPortal = 3F7444031C4FFF5600FCBF2F /* Project object */;
			proxyType = 1;
			remoteGlobalIDString = 3F74440A1C4FFF5600FCBF2F;
			remoteInfo = "College Profile";
		};
		3F74442B1C4FFF5700FCBF2F /* PBXContainerItemProxy */ = {
			isa = PBXContainerItemProxy;
			containerPortal = 3F7444031C4FFF5600FCBF2F /* Project object */;
			proxyType = 1;
			remoteGlobalIDString = 3F74440A1C4FFF5600FCBF2F;
			remoteInfo = "College Profile";
		};
/* End PBXContainerItemProxy section */

/* Begin PBXFileReference section */
		3F74440B1C4FFF5600FCBF2F /* College Profile.app */ = {isa = PBXFileReference; explicitFileType = wrapper.application; includeInIndex = 0; path = "College Profile.app"; sourceTree = BUILT_PRODUCTS_DIR; };
		3F74440E1C4FFF5600FCBF2F /* AppDelegate.swift */ = {isa = PBXFileReference; lastKnownFileType = sourcecode.swift; path = AppDelegate.swift; sourceTree = "<group>"; };
		3F7444101C4FFF5600FCBF2F /* ViewController.swift */ = {isa = PBXFileReference; lastKnownFileType = sourcecode.swift; path = ViewController.swift; sourceTree = "<group>"; };
		3F7444131C4FFF5600FCBF2F /* Base */ = {isa = PBXFileReference; lastKnownFileType = file.storyboard; name = Base; path = Base.lproj/Main.storyboard; sourceTree = "<group>"; };
		3F7444151C4FFF5600FCBF2F /* Assets.xcassets */ = {isa = PBXFileReference; lastKnownFileType = folder.assetcatalog; path = Assets.xcassets; sourceTree = "<group>"; };
		3F7444181C4FFF5600FCBF2F /* Base */ = {isa = PBXFileReference; lastKnownFileType = file.storyboard; name = Base; path = Base.lproj/LaunchScreen.storyboard; sourceTree = "<group>"; };
		3F74441A1C4FFF5600FCBF2F /* Info.plist */ = {isa = PBXFileReference; lastKnownFileType = text.plist.xml; path = Info.plist; sourceTree = "<group>"; };
		3F74441F1C4FFF5600FCBF2F /* College ProfileTests.xctest */ = {isa = PBXFileReference; explicitFileType = wrapper.cfbundle; includeInIndex = 0; path = "College ProfileTests.xctest"; sourceTree = BUILT_PRODUCTS_DIR; };
		3F7444231C4FFF5600FCBF2F /* College_ProfileTests.swift */ = {isa = PBXFileReference; lastKnownFileType = sourcecode.swift; path = College_ProfileTests.swift; sourceTree = "<group>"; };
		3F7444251C4FFF5600FCBF2F /* Info.plist */ = {isa = PBXFileReference; lastKnownFileType = text.plist.xml; path = Info.plist; sourceTree = "<group>"; };
		3F74442A1C4FFF5700FCBF2F /* College ProfileUITests.xctest */ = {isa = PBXFileReference; explicitFileType = wrapper.cfbundle; includeInIndex = 0; path = "College ProfileUITests.xctest"; sourceTree = BUILT_PRODUCTS_DIR; };
		3F74442E1C4FFF5700FCBF2F /* College_ProfileUITests.swift */ = {isa = PBXFileReference; lastKnownFileType = sourcecode.swift; path = College_ProfileUITests.swift; sourceTree = "<group>"; };
		3F7444301C4FFF5700FCBF2F /* Info.plist */ = {isa = PBXFileReference; lastKnownFileType = text.plist.xml; path = Info.plist; sourceTree = "<group>"; };
		3F74443C1C50008500FCBF2F /* Colleges.swift */ = {isa = PBXFileReference; fileEncoding = 4; lastKnownFileType = sourcecode.swift; path = Colleges.swift; sourceTree = "<group>"; };
		3F7444781C51550A00FCBF2F /* DetailViewController.swift */ = {isa = PBXFileReference; fileEncoding = 4; lastKnownFileType = sourcecode.swift; path = DetailViewController.swift; sourceTree = "<group>"; };
/* End PBXFileReference section */

/* Begin PBXFrameworksBuildPhase section */
		3F7444081C4FFF5600FCBF2F /* Frameworks */ = {
			isa = PBXFrameworksBuildPhase;
			buildActionMask = 2147483647;
			files = (
			);
			runOnlyForDeploymentPostprocessing = 0;
		};
		3F74441C1C4FFF5600FCBF2F /* Frameworks */ = {
			isa = PBXFrameworksBuildPhase;
			buildActionMask = 2147483647;
			files = (
			);
			runOnlyForDeploymentPostprocessing = 0;
		};
		3F7444271C4FFF5600FCBF2F /* Frameworks */ = {
			isa = PBXFrameworksBuildPhase;
			buildActionMask = 2147483647;
			files = (
			);
			runOnlyForDeploymentPostprocessing = 0;
		};
/* End PBXFrameworksBuildPhase section */

/* Begin PBXGroup section */
		3F7444021C4FFF5600FCBF2F = {
			isa = PBXGroup;
			children = (
				3F74440D1C4FFF5600FCBF2F /* College Profile */,
				3F7444221C4FFF5600FCBF2F /* College ProfileTests */,
				3F74442D1C4FFF5700FCBF2F /* College ProfileUITests */,
				3F74440C1C4FFF5600FCBF2F /* Products */,
			);
			sourceTree = "<group>";
		};
		3F74440C1C4FFF5600FCBF2F /* Products */ = {
			isa = PBXGroup;
			children = (
				3F74440B1C4FFF5600FCBF2F /* College Profile.app */,
				3F74441F1C4FFF5600FCBF2F /* College ProfileTests.xctest */,
				3F74442A1C4FFF5700FCBF2F /* College ProfileUITests.xctest */,
			);
			name = Products;
			sourceTree = "<group>";
		};
		3F74440D1C4FFF5600FCBF2F /* College Profile */ = {
			isa = PBXGroup;
			children = (
				3F74440E1C4FFF5600FCBF2F /* AppDelegate.swift */,
				3F7444101C4FFF5600FCBF2F /* ViewController.swift */,
				3F74443C1C50008500FCBF2F /* Colleges.swift */,
				3F7444121C4FFF5600FCBF2F /* Main.storyboard */,
				3F7444781C51550A00FCBF2F /* DetailViewController.swift */,
				3F7444151C4FFF5600FCBF2F /* Assets.xcassets */,
				3F7444171C4FFF5600FCBF2F /* LaunchScreen.storyboard */,
				3F74441A1C4FFF5600FCBF2F /* Info.plist */,
			);
			path = "College Profile";
			sourceTree = "<group>";
		};
		3F7444221C4FFF5600FCBF2F /* College ProfileTests */ = {
			isa = PBXGroup;
			children = (
				3F7444231C4FFF5600FCBF2F /* College_ProfileTests.swift */,
				3F7444251C4FFF5600FCBF2F /* Info.plist */,
			);
			path = "College ProfileTests";
			sourceTree = "<group>";
		};
		3F74442D1C4FFF5700FCBF2F /* College ProfileUITests */ = {
			isa = PBXGroup;
			children = (
				3F74442E1C4FFF5700FCBF2F /* College_ProfileUITests.swift */,
				3F7444301C4FFF5700FCBF2F /* Info.plist */,
			);
			path = "College ProfileUITests";
			sourceTree = "<group>";
		};
/* End PBXGroup section */

/* Begin PBXNativeTarget section */
		3F74440A1C4FFF5600FCBF2F /* College Profile */ = {
			isa = PBXNativeTarget;
			buildConfigurationList = 3F7444331C4FFF5700FCBF2F /* Build configuration list for PBXNativeTarget "College Profile" */;
			buildPhases = (
				3F7444071C4FFF5600FCBF2F /* Sources */,
				3F7444081C4FFF5600FCBF2F /* Frameworks */,
				3F7444091C4FFF5600FCBF2F /* Resources */,
			);
			buildRules = (
			);
			dependencies = (
			);
			name = "College Profile";
			productName = "College Profile";
			productReference = 3F74440B1C4FFF5600FCBF2F /* College Profile.app */;
			productType = "com.apple.product-type.application";
		};
		3F74441E1C4FFF5600FCBF2F /* College ProfileTests */ = {
			isa = PBXNativeTarget;
			buildConfigurationList = 3F7444361C4FFF5700FCBF2F /* Build configuration list for PBXNativeTarget "College ProfileTests" */;
			buildPhases = (
				3F74441B1C4FFF5600FCBF2F /* Sources */,
				3F74441C1C4FFF5600FCBF2F /* Frameworks */,
				3F74441D1C4FFF5600FCBF2F /* Resources */,
			);
			buildRules = (
			);
			dependencies = (
				3F7444211C4FFF5600FCBF2F /* PBXTargetDependency */,
			);
			name = "College ProfileTests";
			productName = "College ProfileTests";
			productReference = 3F74441F1C4FFF5600FCBF2F /* College ProfileTests.xctest */;
			productType = "com.apple.product-type.bundle.unit-test";
		};
		3F7444291C4FFF5600FCBF2F /* College ProfileUITests */ = {
			isa = PBXNativeTarget;
			buildConfigurationList = 3F7444391C4FFF5700FCBF2F /* Build configuration list for PBXNativeTarget "College ProfileUITests" */;
			buildPhases = (
				3F7444261C4FFF5600FCBF2F /* Sources */,
				3F7444271C4FFF5600FCBF2F /* Frameworks */,
				3F7444281C4FFF5600FCBF2F /* Resources */,
			);
			buildRules = (
			);
			dependencies = (
				3F74442C1C4FFF5700FCBF2F /* PBXTargetDependency */,
			);
			name = "College ProfileUITests";
			productName = "College ProfileUITests";
			productReference = 3F74442A1C4FFF5700FCBF2F /* College ProfileUITests.xctest */;
			productType = "com.apple.product-type.bundle.ui-testing";
		};
/* End PBXNativeTarget section */

/* Begin PBXProject section */
		3F7444031C4FFF5600FCBF2F /* Project object */ = {
			isa = PBXProject;
			attributes = {
				LastUpgradeCheck = 0700;
				ORGANIZATIONNAME = mkelly2;
				TargetAttributes = {
					3F74440A1C4FFF5600FCBF2F = {
						CreatedOnToolsVersion = 7.0.1;
						DevelopmentTeam = HYRSL3B9CH;
					};
					3F74441E1C4FFF5600FCBF2F = {
						CreatedOnToolsVersion = 7.0.1;
						DevelopmentTeam = HYRSL3B9CH;
						TestTargetID = 3F74440A1C4FFF5600FCBF2F;
					};
					3F7444291C4FFF5600FCBF2F = {
						CreatedOnToolsVersion = 7.0.1;
						DevelopmentTeam = HYRSL3B9CH;
						TestTargetID = 3F74440A1C4FFF5600FCBF2F;
					};
				};
			};
			buildConfigurationList = 3F7444061C4FFF5600FCBF2F /* Build configuration list for PBXProject "College Profile" */;
			compatibilityVersion = "Xcode 3.2";
			developmentRegion = English;
			hasScannedForEncodings = 0;
			knownRegions = (
				en,
				Base,
			);
			mainGroup = 3F7444021C4FFF5600FCBF2F;
			productRefGroup = 3F74440C1C4FFF5600FCBF2F /* Products */;
			projectDirPath = "";
			projectRoot = "";
			targets = (
				3F74440A1C4FFF5600FCBF2F /* College Profile */,
				3F74441E1C4FFF5600FCBF2F /* College ProfileTests */,
				3F7444291C4FFF5600FCBF2F /* College ProfileUITests */,
			);
		};
/* End PBXProject section */

/* Begin PBXResourcesBuildPhase section */
		3F7444091C4FFF5600FCBF2F /* Resources */ = {
			isa = PBXResourcesBuildPhase;
			buildActionMask = 2147483647;
			files = (
				3F7444191C4FFF5600FCBF2F /* LaunchScreen.storyboard in Resources */,
				3F7444161C4FFF5600FCBF2F /* Assets.xcassets in Resources */,
				3F7444141C4FFF5600FCBF2F /* Main.storyboard in Resources */,
			);
			runOnlyForDeploymentPostprocessing = 0;
		};
		3F74441D1C4FFF5600FCBF2F /* Resources */ = {
			isa = PBXResourcesBuildPhase;
			buildActionMask = 2147483647;
			files = (
			);
			runOnlyForDeploymentPostprocessing = 0;
		};
		3F7444281C4FFF5600FCBF2F /* Resources */ = {
			isa = PBXResourcesBuildPhase;
			buildActionMask = 2147483647;
			files = (
			);
			runOnlyForDeploymentPostprocessing = 0;
		};
/* End PBXResourcesBuildPhase section */

/* Begin PBXSourcesBuildPhase section */
		3F7444071C4FFF5600FCBF2F /* Sources */ = {
			isa = PBXSourcesBuildPhase;
			buildActionMask = 2147483647;
			files = (
				3F7444111C4FFF5600FCBF2F /* ViewController.swift in Sources */,
				3F74443D1C50008500FCBF2F /* Colleges.swift in Sources */,
				3F74440F1C4FFF5600FCBF2F /* AppDelegate.swift in Sources */,
				3F7444791C51550A00FCBF2F /* DetailViewController.swift in Sources */,
			);
			runOnlyForDeploymentPostprocessing = 0;
		};
		3F74441B1C4FFF5600FCBF2F /* Sources */ = {
			isa = PBXSourcesBuildPhase;
			buildActionMask = 2147483647;
			files = (
				3F7444241C4FFF5600FCBF2F /* College_ProfileTests.swift in Sources */,
			);
			runOnlyForDeploymentPostprocessing = 0;
		};
		3F7444261C4FFF5600FCBF2F /* Sources */ = {
			isa = PBXSourcesBuildPhase;
			buildActionMask = 2147483647;
			files = (
				3F74442F1C4FFF5700FCBF2F /* College_ProfileUITests.swift in Sources */,
			);
			runOnlyForDeploymentPostprocessing = 0;
		};
/* End PBXSourcesBuildPhase section */

/* Begin PBXTargetDependency section */
		3F7444211C4FFF5600FCBF2F /* PBXTargetDependency */ = {
			isa = PBXTargetDependency;
			target = 3F74440A1C4FFF5600FCBF2F /* College Profile */;
			targetProxy = 3F7444201C4FFF5600FCBF2F /* PBXContainerItemProxy */;
		};
		3F74442C1C4FFF5700FCBF2F /* PBXTargetDependency */ = {
			isa = PBXTargetDependency;
			target = 3F74440A1C4FFF5600FCBF2F /* College Profile */;
			targetProxy = 3F74442B1C4FFF5700FCBF2F /* PBXContainerItemProxy */;
		};
/* End PBXTargetDependency section */

/* Begin PBXVariantGroup section */
		3F7444121C4FFF5600FCBF2F /* Main.storyboard */ = {
			isa = PBXVariantGroup;
			children = (
				3F7444131C4FFF5600FCBF2F /* Base */,
			);
			name = Main.storyboard;
			sourceTree = "<group>";
		};
		3F7444171C4FFF5600FCBF2F /* LaunchScreen.storyboard */ = {
			isa = PBXVariantGroup;
			children = (
				3F7444181C4FFF5600FCBF2F /* Base */,
			);
			name = LaunchScreen.storyboard;
			sourceTree = "<group>";
		};
/* End PBXVariantGroup section */

/* Begin XCBuildConfiguration section */
		3F7444311C4FFF5700FCBF2F /* Debug */ = {
			isa = XCBuildConfiguration;
			buildSettings = {
				ALWAYS_SEARCH_USER_PATHS = NO;
				CLANG_CXX_LANGUAGE_STANDARD = "gnu++0x";
				CLANG_CXX_LIBRARY = "libc++";
				CLANG_ENABLE_MODULES = YES;
				CLANG_ENABLE_OBJC_ARC = YES;
				CLANG_WARN_BOOL_CONVERSION = YES;
				CLANG_WARN_CONSTANT_CONVERSION = YES;
				CLANG_WARN_DIRECT_OBJC_ISA_USAGE = YES_ERROR;
				CLANG_WARN_EMPTY_BODY = YES;
				CLANG_WARN_ENUM_CONVERSION = YES;
				CLANG_WARN_INT_CONVERSION = YES;
				CLANG_WARN_OBJC_ROOT_CLASS = YES_ERROR;
				CLANG_WARN_UNREACHABLE_CODE = YES;
				CLANG_WARN__DUPLICATE_METHOD_MATCH = YES;
				"CODE_SIGN_IDENTITY[sdk=iphoneos*]" = "iPhone Developer";
				COPY_PHASE_STRIP = NO;
				DEBUG_INFORMATION_FORMAT = dwarf;
				ENABLE_STRICT_OBJC_MSGSEND = YES;
				ENABLE_TESTABILITY = YES;
				GCC_C_LANGUAGE_STANDARD = gnu99;
				GCC_DYNAMIC_NO_PIC = NO;
				GCC_NO_COMMON_BLOCKS = YES;
				GCC_OPTIMIZATION_LEVEL = 0;
				GCC_PREPROCESSOR_DEFINITIONS = (
					"DEBUG=1",
					"$(inherited)",
				);
				GCC_WARN_64_TO_32_BIT_CONVERSION = YES;
				GCC_WARN_ABOUT_RETURN_TYPE = YES_ERROR;
				GCC_WARN_UNDECLARED_SELECTOR = YES;
				GCC_WARN_UNINITIALIZED_AUTOS = YES_AGGRESSIVE;
				GCC_WARN_UNUSED_FUNCTION = YES;
				GCC_WARN_UNUSED_VARIABLE = YES;
				IPHONEOS_DEPLOYMENT_TARGET = 9.0;
				MTL_ENABLE_DEBUG_INFO = YES;
				ONLY_ACTIVE_ARCH = YES;
				SDKROOT = iphoneos;
				SWIFT_OPTIMIZATION_LEVEL = "-Onone";
				TARGETED_DEVICE_FAMILY = "1,2";
			};
			name = Debug;
		};
		3F7444321C4FFF5700FCBF2F /* Release */ = {
			isa = XCBuildConfiguration;
			buildSettings = {
				ALWAYS_SEARCH_USER_PATHS = NO;
				CLANG_CXX_LANGUAGE_STANDARD = "gnu++0x";
				CLANG_CXX_LIBRARY = "libc++";
				CLANG_ENABLE_MODULES = YES;
				CLANG_ENABLE_OBJC_ARC = YES;
				CLANG_WARN_BOOL_CONVERSION = YES;
				CLANG_WARN_CONSTANT_CONVERSION = YES;
				CLANG_WARN_DIRECT_OBJC_ISA_USAGE = YES_ERROR;
				CLANG_WARN_EMPTY_BODY = YES;
				CLANG_WARN_ENUM_CONVERSION = YES;
				CLANG_WARN_INT_CONVERSION = YES;
				CLANG_WARN_OBJC_ROOT_CLASS = YES_ERROR;
				CLANG_WARN_UNREACHABLE_CODE = YES;
				CLANG_WARN__DUPLICATE_METHOD_MATCH = YES;
				"CODE_SIGN_IDENTITY[sdk=iphoneos*]" = "iPhone Developer";
				COPY_PHASE_STRIP = NO;
				DEBUG_INFORMATION_FORMAT = "dwarf-with-dsym";
				ENABLE_NS_ASSERTIONS = NO;
				ENABLE_STRICT_OBJC_MSGSEND = YES;
				GCC_C_LANGUAGE_STANDARD = gnu99;
				GCC_NO_COMMON_BLOCKS = YES;
				GCC_WARN_64_TO_32_BIT_CONVERSION = YES;
				GCC_WARN_ABOUT_RETURN_TYPE = YES_ERROR;
				GCC_WARN_UNDECLARED_SELECTOR = YES;
				GCC_WARN_UNINITIALIZED_AUTOS = YES_AGGRESSIVE;
				GCC_WARN_UNUSED_FUNCTION = YES;
				GCC_WARN_UNUSED_VARIABLE = YES;
				IPHONEOS_DEPLOYMENT_TARGET = 9.0;
				MTL_ENABLE_DEBUG_INFO = NO;
				SDKROOT = iphoneos;
				TARGETED_DEVICE_FAMILY = "1,2";
				VALIDATE_PRODUCT = YES;
			};
			name = Release;
		};
		3F7444341C4FFF5700FCBF2F /* Debug */ = {
			isa = XCBuildConfiguration;
			buildSettings = {
				ASSETCATALOG_COMPILER_APPICON_NAME = AppIcon;
				INFOPLIST_FILE = "College Profile/Info.plist";
				LD_RUNPATH_SEARCH_PATHS = "$(inherited) @executable_path/Frameworks";
				PRODUCT_BUNDLE_IDENTIFIER = "BHS.College-Profile";
				PRODUCT_NAME = "$(TARGET_NAME)";
			};
			name = Debug;
		};
		3F7444351C4FFF5700FCBF2F /* Release */ = {
			isa = XCBuildConfiguration;
			buildSettings = {
				ASSETCATALOG_COMPILER_APPICON_NAME = AppIcon;
				INFOPLIST_FILE = "College Profile/Info.plist";
				LD_RUNPATH_SEARCH_PATHS = "$(inherited) @executable_path/Frameworks";
				PRODUCT_BUNDLE_IDENTIFIER = "BHS.College-Profile";
				PRODUCT_NAME = "$(TARGET_NAME)";
			};
			name = Release;
		};
		3F7444371C4FFF5700FCBF2F /* Debug */ = {
			isa = XCBuildConfiguration;
			buildSettings = {
				BUNDLE_LOADER = "$(TEST_HOST)";
				INFOPLIST_FILE = "College ProfileTests/Info.plist";
				LD_RUNPATH_SEARCH_PATHS = "$(inherited) @executable_path/Frameworks @loader_path/Frameworks";
				PRODUCT_BUNDLE_IDENTIFIER = "BHS.College-ProfileTests";
				PRODUCT_NAME = "$(TARGET_NAME)";
				TEST_HOST = "$(BUILT_PRODUCTS_DIR)/College Profile.app/College Profile";
			};
			name = Debug;
		};
		3F7444381C4FFF5700FCBF2F /* Release */ = {
			isa = XCBuildConfiguration;
			buildSettings = {
				BUNDLE_LOADER = "$(TEST_HOST)";
				INFOPLIST_FILE = "College ProfileTests/Info.plist";
				LD_RUNPATH_SEARCH_PATHS = "$(inherited) @executable_path/Frameworks @loader_path/Frameworks";
				PRODUCT_BUNDLE_IDENTIFIER = "BHS.College-ProfileTests";
				PRODUCT_NAME = "$(TARGET_NAME)";
				TEST_HOST = "$(BUILT_PRODUCTS_DIR)/College Profile.app/College Profile";
			};
			name = Release;
		};
		3F74443A1C4FFF5700FCBF2F /* Debug */ = {
			isa = XCBuildConfiguration;
			buildSettings = {
				INFOPLIST_FILE = "College ProfileUITests/Info.plist";
				LD_RUNPATH_SEARCH_PATHS = "$(inherited) @executable_path/Frameworks @loader_path/Frameworks";
				PRODUCT_BUNDLE_IDENTIFIER = "BHS.College-ProfileUITests";
				PRODUCT_NAME = "$(TARGET_NAME)";
				TEST_TARGET_NAME = "College Profile";
				USES_XCTRUNNER = YES;
			};
			name = Debug;
		};
		3F74443B1C4FFF5700FCBF2F /* Release */ = {
			isa = XCBuildConfiguration;
			buildSettings = {
				INFOPLIST_FILE = "College ProfileUITests/Info.plist";
				LD_RUNPATH_SEARCH_PATHS = "$(inherited) @executable_path/Frameworks @loader_path/Frameworks";
				PRODUCT_BUNDLE_IDENTIFIER = "BHS.College-ProfileUITests";
				PRODUCT_NAME = "$(TARGET_NAME)";
				TEST_TARGET_NAME = "College Profile";
				USES_XCTRUNNER = YES;
			};
			name = Release;
		};
/* End XCBuildConfiguration section */

/* Begin XCConfigurationList section */
		3F7444061C4FFF5600FCBF2F /* Build configuration list for PBXProject "College Profile" */ = {
			isa = XCConfigurationList;
			buildConfigurations = (
				3F7444311C4FFF5700FCBF2F /* Debug */,
				3F7444321C4FFF5700FCBF2F /* Release */,
			);
			defaultConfigurationIsVisible = 0;
			defaultConfigurationName = Release;
		};
		3F7444331C4FFF5700FCBF2F /* Build configuration list for PBXNativeTarget "College Profile" */ = {
			isa = XCConfigurationList;
			buildConfigurations = (
				3F7444341C4FFF5700FCBF2F /* Debug */,
				3F7444351C4FFF5700FCBF2F /* Release */,
			);
			defaultConfigurationIsVisible = 0;
			defaultConfigurationName = Release;
		};
		3F7444361C4FFF5700FCBF2F /* Build configuration list for PBXNativeTarget "College ProfileTests" */ = {
			isa = XCConfigurationList;
			buildConfigurations = (
				3F7444371C4FFF5700FCBF2F /* Debug */,
				3F7444381C4FFF5700FCBF2F /* Release */,
			);
			defaultConfigurationIsVisible = 0;
			defaultConfigurationName = Release;
		};
		3F7444391C4FFF5700FCBF2F /* Build configuration list for PBXNativeTarget "College ProfileUITests" */ = {
			isa = XCConfigurationList;
			buildConfigurations = (
				3F74443A1C4FFF5700FCBF2F /* Debug */,
				3F74443B1C4FFF5700FCBF2F /* Release */,
			);
			defaultConfigurationIsVisible = 0;
			defaultConfigurationName = Release;
		};
/* End XCConfigurationList section */
	};
	rootObject = 3F7444031C4FFF5600FCBF2F /* Project object */;
}
